<?xml version="1.0" encoding="utf-8"?>
<Project ToolsVersion="4.0" xmlns="http://schemas.microsoft.com/developer/msbuild/2003">
  <ItemGroup>
    <ClCompile Include="AABB.cpp" />
    <ClCompile Include="BVHNode.cpp" />
    <ClCompile Include="Camera.cpp" />
    <ClCompile Include="Checker_Texture.cpp" />
    <ClCompile Include="CubicInterpolateNoiseTexture.cpp" />
    <ClCompile Include="DielectricMaterial.cpp" />
    <ClCompile Include="DiffuseLight.cpp" />
    <ClCompile Include="DRand48.cpp" />
    <ClCompile Include="Hitable.cpp" />
    <ClCompile Include="HitableList.cpp" />
    <ClCompile Include="LambertianMaterial.cpp" />
    <ClCompile Include="LambertianWithTextureMaterial.cpp" />
    <ClCompile Include="Material.cpp" />
    <ClCompile Include="MetalMaterial.cpp" />
    <ClCompile Include="Moving_Sphere.cpp" />
    <ClCompile Include="NoiseTexture.cpp" />
    <ClCompile Include="PerlinNoise.cpp" />
    <ClCompile Include="PerlinNoiseTexture.cpp" />
    <ClCompile Include="ray.cpp" />
    <ClCompile Include="ray_trace_main.cpp" />
    <ClCompile Include="Screen.cpp" />
    <ClCompile Include="SimpleLightWorld.cpp" />
    <ClCompile Include="SolidColorTexture.cpp" />
    <ClCompile Include="Sphere.cpp" />
    <ClCompile Include="Texture.cpp" />
    <ClCompile Include="Utility.cpp" />
    <ClCompile Include="Vec3.cpp" />
    <ClCompile Include="WorldBase.cpp" />
    <ClCompile Include="XY_Rect.cpp" />
    <ClCompile Include="PerlinNoiseWorld.cpp" />
  </ItemGroup>
  <ItemGroup>
<<<<<<< HEAD
    <ClInclude Include="ray.h">
      <Filter>Header Files</Filter>
    </ClInclude>
    <ClInclude Include="Hitable.h">
      <Filter>Header Files</Filter>
    </ClInclude>
    <ClInclude Include="Sphere.h">
      <Filter>Header Files</Filter>
    </ClInclude>
    <ClInclude Include="HitableList.h">
      <Filter>Header Files</Filter>
    </ClInclude>
    <ClInclude Include="Camera.h">
      <Filter>Header Files</Filter>
    </ClInclude>
    <ClInclude Include="Screen.h">
      <Filter>Header Files</Filter>
    </ClInclude>
    <ClInclude Include="DRand48.h">
      <Filter>Header Files</Filter>
    </ClInclude>
    <ClInclude Include="Vec3.h">
      <Filter>Header Files</Filter>
    </ClInclude>
    <ClInclude Include="Material.h">
      <Filter>Header Files</Filter>
    </ClInclude>
    <ClInclude Include="LambertianMaterial.h">
      <Filter>Header Files\Materials</Filter>
    </ClInclude>
    <ClInclude Include="Utility.h">
      <Filter>Header Files</Filter>
    </ClInclude>
    <ClInclude Include="MetalMaterial.h">
      <Filter>Header Files\Materials</Filter>
    </ClInclude>
    <ClInclude Include="DielectricMaterial.h">
      <Filter>Header Files\Materials</Filter>
    </ClInclude>
    <ClInclude Include="Moving_Sphere.h">
      <Filter>Header Files</Filter>
    </ClInclude>
    <ClInclude Include="AABB.h">
      <Filter>Header Files</Filter>
    </ClInclude>
    <ClInclude Include="BVHNode.h">
      <Filter>Header Files</Filter>
    </ClInclude>
    <ClInclude Include="Texture.h">
      <Filter>Header Files\Texture</Filter>
    </ClInclude>
    <ClInclude Include="LambertianWithTextureMaterial.h">
      <Filter>Header Files</Filter>
    </ClInclude>
    <ClInclude Include="SolidColorTexture.h">
      <Filter>Header Files\Texture</Filter>
    </ClInclude>
    <ClInclude Include="Checker_Texture.h">
      <Filter>Header Files</Filter>
    </ClInclude>
    <ClInclude Include="PerlinNoise.h">
      <Filter>Header Files</Filter>
    </ClInclude>
    <ClInclude Include="NoiseTexture.h">
      <Filter>Header Files\Texture</Filter>
    </ClInclude>
    <ClInclude Include="CubicInterpolateNoiseTexture.h">
      <Filter>Header Files\Texture</Filter>
    </ClInclude>
    <ClInclude Include="PerlinNoiseTexture.h">
      <Filter>Header Files</Filter>
    </ClInclude>
    <ClInclude Include="ImageTexture.h">
      <Filter>Header Files\Texture</Filter>
    </ClInclude>
    <ClInclude Include="stb_image.h">
      <Filter>Header Files</Filter>
    </ClInclude>
  </ItemGroup>
  <ItemGroup>
    <ClCompile Include="ray.cpp">
      <Filter>Source Files</Filter>
    </ClCompile>
    <ClCompile Include="ray_trace_main.cpp">
      <Filter>Source Files</Filter>
    </ClCompile>
    <ClCompile Include="Hitable.cpp">
      <Filter>Source Files</Filter>
    </ClCompile>
    <ClCompile Include="Sphere.cpp">
      <Filter>Source Files</Filter>
    </ClCompile>
    <ClCompile Include="HitableList.cpp">
      <Filter>Source Files</Filter>
    </ClCompile>
    <ClCompile Include="Camera.cpp">
      <Filter>Source Files</Filter>
    </ClCompile>
    <ClCompile Include="Screen.cpp">
      <Filter>Source Files</Filter>
    </ClCompile>
    <ClCompile Include="DRand48.cpp">
      <Filter>Source Files</Filter>
    </ClCompile>
    <ClCompile Include="Vec3.cpp">
      <Filter>Source Files</Filter>
    </ClCompile>
    <ClCompile Include="Material.cpp">
      <Filter>Source Files</Filter>
    </ClCompile>
    <ClCompile Include="LambertianMaterial.cpp">
      <Filter>Source Files</Filter>
    </ClCompile>
    <ClCompile Include="Utility.cpp">
      <Filter>Source Files</Filter>
    </ClCompile>
    <ClCompile Include="MetalMaterial.cpp">
      <Filter>Source Files</Filter>
    </ClCompile>
    <ClCompile Include="DielectricMaterial.cpp">
      <Filter>Source Files</Filter>
    </ClCompile>
    <ClCompile Include="Moving_Sphere.cpp">
      <Filter>Source Files</Filter>
    </ClCompile>
    <ClCompile Include="AABB.cpp">
      <Filter>Source Files</Filter>
    </ClCompile>
    <ClCompile Include="BVHNode.cpp">
      <Filter>Source Files</Filter>
    </ClCompile>
    <ClCompile Include="Texture.cpp">
      <Filter>Source Files</Filter>
    </ClCompile>
    <ClCompile Include="SolidColorTexture.cpp">
      <Filter>Source Files</Filter>
    </ClCompile>
    <ClCompile Include="LambertianWithTextureMaterial.cpp">
      <Filter>Source Files</Filter>
    </ClCompile>
    <ClCompile Include="Checker_Texture.cpp">
      <Filter>Source Files</Filter>
    </ClCompile>
    <ClCompile Include="PerlinNoise.cpp">
      <Filter>Source Files</Filter>
    </ClCompile>
    <ClCompile Include="NoiseTexture.cpp">
      <Filter>Source Files</Filter>
    </ClCompile>
    <ClCompile Include="CubicInterpolateNoiseTexture.cpp">
      <Filter>Source Files</Filter>
    </ClCompile>
    <ClCompile Include="PerlinNoiseTexture.cpp">
      <Filter>Source Files</Filter>
    </ClCompile>
    <ClCompile Include="ImageTexture.cpp">
      <Filter>Source Files</Filter>
    </ClCompile>
=======
    <ClInclude Include="AABB.h" />
    <ClInclude Include="BVHNode.h" />
    <ClInclude Include="Camera.h" />
    <ClInclude Include="Checker_Texture.h" />
    <ClInclude Include="CubicInterpolateNoiseTexture.h" />
    <ClInclude Include="DielectricMaterial.h" />
    <ClInclude Include="DiffuseLight.h" />
    <ClInclude Include="DRand48.h" />
    <ClInclude Include="Hitable.h" />
    <ClInclude Include="HitableList.h" />
    <ClInclude Include="LambertianMaterial.h" />
    <ClInclude Include="LambertianWithTextureMaterial.h" />
    <ClInclude Include="Material.h" />
    <ClInclude Include="MetalMaterial.h" />
    <ClInclude Include="Moving_Sphere.h" />
    <ClInclude Include="NoiseTexture.h" />
    <ClInclude Include="PerlinNoise.h" />
    <ClInclude Include="PerlinNoiseTexture.h" />
    <ClInclude Include="ray.h" />
    <ClInclude Include="Screen.h" />
    <ClInclude Include="SimpleLightWorld.h" />
    <ClInclude Include="SolidColorTexture.h" />
    <ClInclude Include="Sphere.h" />
    <ClInclude Include="Texture.h" />
    <ClInclude Include="Utility.h" />
    <ClInclude Include="Vec3.h" />
    <ClInclude Include="WorldBase.h" />
    <ClInclude Include="XY_Rect.h" />
    <ClInclude Include="PerlinNoiseWorld.h" />
>>>>>>> PerlinNoise
  </ItemGroup>
</Project>