<?xml version="1.0" encoding="utf-8"?>
<Project ToolsVersion="4.0" xmlns="http://schemas.microsoft.com/developer/msbuild/2003">
  <ItemGroup>
<<<<<<< HEAD
    <Filter Include="Source Files">
      <UniqueIdentifier>{4FC737F1-C7A5-4376-A066-2A32D752A2FF}</UniqueIdentifier>
      <Extensions>cpp;c;cc;cxx;def;odl;idl;hpj;bat;asm;asmx</Extensions>
    </Filter>
    <Filter Include="Header Files">
      <UniqueIdentifier>{93995380-89BD-4b04-88EB-625FBE52EBFB}</UniqueIdentifier>
      <Extensions>h;hh;hpp;hxx;hm;inl;inc;ipp;xsd</Extensions>
    </Filter>
    <Filter Include="Resource Files">
      <UniqueIdentifier>{67DA6AB6-F800-4c08-8B7A-83BB121AAD01}</UniqueIdentifier>
      <Extensions>rc;ico;cur;bmp;dlg;rc2;rct;bin;rgs;gif;jpg;jpeg;jpe;resx;tiff;tif;png;wav;mfcribbon-ms</Extensions>
    </Filter>
    <Filter Include="Header Files\Materials">
      <UniqueIdentifier>{95d4663b-bd90-49b2-9b92-5163f92ba6ba}</UniqueIdentifier>
    </Filter>
    <Filter Include="Header Files\Texture">
      <UniqueIdentifier>{35688718-fe91-41e5-b076-1a5ff40e4a65}</UniqueIdentifier>
    </Filter>
    <Filter Include="Header Files\Lights">
      <UniqueIdentifier>{9b664494-b9f1-4caa-9efb-1a4525d5afdf}</UniqueIdentifier>
    </Filter>
    <Filter Include="Header Files\HitableObjects">
      <UniqueIdentifier>{50e60768-6c09-431f-9aee-e5e75a3df838}</UniqueIdentifier>
    </Filter>
    <Filter Include="Header Files\World">
      <UniqueIdentifier>{50835b81-13e6-4af7-8107-3cdd0c2aa89d}</UniqueIdentifier>
    </Filter>
  </ItemGroup>
  <ItemGroup>
    <ClInclude Include="ray.h">
      <Filter>Header Files</Filter>
    </ClInclude>
    <ClInclude Include="Hitable.h">
      <Filter>Header Files</Filter>
    </ClInclude>
    <ClInclude Include="HitableList.h">
      <Filter>Header Files</Filter>
    </ClInclude>
    <ClInclude Include="Camera.h">
      <Filter>Header Files</Filter>
    </ClInclude>
    <ClInclude Include="Screen.h">
      <Filter>Header Files</Filter>
    </ClInclude>
    <ClInclude Include="DRand48.h">
      <Filter>Header Files</Filter>
    </ClInclude>
    <ClInclude Include="Vec3.h">
      <Filter>Header Files</Filter>
    </ClInclude>
    <ClInclude Include="Material.h">
      <Filter>Header Files</Filter>
    </ClInclude>
    <ClInclude Include="LambertianMaterial.h">
      <Filter>Header Files\Materials</Filter>
    </ClInclude>
    <ClInclude Include="Utility.h">
      <Filter>Header Files</Filter>
    </ClInclude>
    <ClInclude Include="MetalMaterial.h">
      <Filter>Header Files\Materials</Filter>
    </ClInclude>
    <ClInclude Include="DielectricMaterial.h">
      <Filter>Header Files\Materials</Filter>
    </ClInclude>
    <ClInclude Include="AABB.h">
      <Filter>Header Files</Filter>
    </ClInclude>
    <ClInclude Include="BVHNode.h">
      <Filter>Header Files</Filter>
    </ClInclude>
    <ClInclude Include="Texture.h">
      <Filter>Header Files\Texture</Filter>
    </ClInclude>
    <ClInclude Include="SolidColorTexture.h">
      <Filter>Header Files\Texture</Filter>
    </ClInclude>
    <ClInclude Include="PerlinNoise.h">
      <Filter>Header Files</Filter>
    </ClInclude>
    <ClInclude Include="NoiseTexture.h">
      <Filter>Header Files\Texture</Filter>
    </ClInclude>
    <ClInclude Include="CubicInterpolateNoiseTexture.h">
      <Filter>Header Files\Texture</Filter>
    </ClInclude>
    <ClInclude Include="PerlinNoiseTexture.h">
      <Filter>Header Files</Filter>
    </ClInclude>
    <ClInclude Include="ImageTexture.h">
      <Filter>Header Files\Texture</Filter>
    </ClInclude>
    <ClInclude Include="stb_image.h">
      <Filter>Header Files</Filter>
    </ClInclude>
    <ClInclude Include="Moving_Sphere.h">
      <Filter>Header Files\HitableObjects</Filter>
    </ClInclude>
    <ClInclude Include="Sphere.h">
      <Filter>Header Files\HitableObjects</Filter>
    </ClInclude>
    <ClInclude Include="LambertianWithTextureMaterial.h">
      <Filter>Header Files\Materials</Filter>
    </ClInclude>
    <ClInclude Include="DiffuseLight.h">
      <Filter>Header Files\Lights</Filter>
    </ClInclude>
    <ClInclude Include="Checker_Texture.h">
      <Filter>Header Files\Texture</Filter>
    </ClInclude>
    <ClInclude Include="XY_Rect.h">
      <Filter>Header Files\HitableObjects</Filter>
    </ClInclude>
    <ClInclude Include="WorldBase.h">
      <Filter>Header Files</Filter>
    </ClInclude>
    <ClInclude Include="SimpleLightWorld.h">
      <Filter>Header Files</Filter>
    </ClInclude>
  </ItemGroup>
  <ItemGroup>
    <ClCompile Include="ray.cpp">
      <Filter>Source Files</Filter>
    </ClCompile>
    <ClCompile Include="ray_trace_main.cpp">
      <Filter>Source Files</Filter>
    </ClCompile>
    <ClCompile Include="Hitable.cpp">
      <Filter>Source Files</Filter>
    </ClCompile>
    <ClCompile Include="Sphere.cpp">
      <Filter>Source Files</Filter>
    </ClCompile>
    <ClCompile Include="HitableList.cpp">
      <Filter>Source Files</Filter>
    </ClCompile>
    <ClCompile Include="Camera.cpp">
      <Filter>Source Files</Filter>
    </ClCompile>
    <ClCompile Include="Screen.cpp">
      <Filter>Source Files</Filter>
    </ClCompile>
    <ClCompile Include="DRand48.cpp">
      <Filter>Source Files</Filter>
    </ClCompile>
    <ClCompile Include="Vec3.cpp">
      <Filter>Source Files</Filter>
    </ClCompile>
    <ClCompile Include="Material.cpp">
      <Filter>Source Files</Filter>
    </ClCompile>
    <ClCompile Include="LambertianMaterial.cpp">
      <Filter>Source Files</Filter>
    </ClCompile>
    <ClCompile Include="Utility.cpp">
      <Filter>Source Files</Filter>
    </ClCompile>
    <ClCompile Include="MetalMaterial.cpp">
      <Filter>Source Files</Filter>
    </ClCompile>
    <ClCompile Include="DielectricMaterial.cpp">
      <Filter>Source Files</Filter>
    </ClCompile>
    <ClCompile Include="Moving_Sphere.cpp">
      <Filter>Source Files</Filter>
    </ClCompile>
    <ClCompile Include="AABB.cpp">
      <Filter>Source Files</Filter>
    </ClCompile>
    <ClCompile Include="BVHNode.cpp">
      <Filter>Source Files</Filter>
    </ClCompile>
    <ClCompile Include="Texture.cpp">
      <Filter>Source Files</Filter>
    </ClCompile>
    <ClCompile Include="SolidColorTexture.cpp">
      <Filter>Source Files</Filter>
    </ClCompile>
    <ClCompile Include="LambertianWithTextureMaterial.cpp">
      <Filter>Source Files</Filter>
    </ClCompile>
    <ClCompile Include="Checker_Texture.cpp">
      <Filter>Source Files</Filter>
    </ClCompile>
    <ClCompile Include="PerlinNoise.cpp">
      <Filter>Source Files</Filter>
    </ClCompile>
    <ClCompile Include="NoiseTexture.cpp">
      <Filter>Source Files</Filter>
    </ClCompile>
    <ClCompile Include="CubicInterpolateNoiseTexture.cpp">
      <Filter>Source Files</Filter>
    </ClCompile>
    <ClCompile Include="PerlinNoiseTexture.cpp">
      <Filter>Source Files</Filter>
    </ClCompile>
    <ClCompile Include="ImageTexture.cpp">
      <Filter>Source Files</Filter>
    </ClCompile>
    <ClCompile Include="DiffuseLight.cpp">
      <Filter>Source Files</Filter>
    </ClCompile>
    <ClCompile Include="XY_Rect.cpp">
      <Filter>Source Files</Filter>
    </ClCompile>
    <ClCompile Include="WorldBase.cpp">
      <Filter>Source Files</Filter>
    </ClCompile>
    <ClCompile Include="SimpleLightWorld.cpp">
      <Filter>Source Files</Filter>
    </ClCompile>
=======
    <ClCompile Include="AABB.cpp" />
    <ClCompile Include="BVHNode.cpp" />
    <ClCompile Include="Camera.cpp" />
    <ClCompile Include="Checker_Texture.cpp" />
    <ClCompile Include="CubicInterpolateNoiseTexture.cpp" />
    <ClCompile Include="DielectricMaterial.cpp" />
    <ClCompile Include="DiffuseLight.cpp" />
    <ClCompile Include="DRand48.cpp" />
    <ClCompile Include="Hitable.cpp" />
    <ClCompile Include="HitableList.cpp" />
    <ClCompile Include="ImageTexture.cpp" />
    <ClCompile Include="LambertianMaterial.cpp" />
    <ClCompile Include="LambertianWithTextureMaterial.cpp" />
    <ClCompile Include="Material.cpp" />
    <ClCompile Include="MetalMaterial.cpp" />
    <ClCompile Include="Moving_Sphere.cpp" />
    <ClCompile Include="NoiseTexture.cpp" />
    <ClCompile Include="PerlinNoise.cpp" />
    <ClCompile Include="PerlinNoiseTexture.cpp" />
    <ClCompile Include="PerlinNoiseWorld.cpp" />
    <ClCompile Include="ray.cpp" />
    <ClCompile Include="ray_trace_main.cpp" />
    <ClCompile Include="Screen.cpp" />
    <ClCompile Include="SimpleLightWorld.cpp" />
    <ClCompile Include="SolidColorTexture.cpp" />
    <ClCompile Include="Sphere.cpp" />
    <ClCompile Include="Texture.cpp" />
    <ClCompile Include="Utility.cpp" />
    <ClCompile Include="Vec3.cpp" />
    <ClCompile Include="WorldBase.cpp" />
    <ClCompile Include="XY_Rect.cpp" />
    <ClCompile Include="TextureMappingWorld.cpp" />
    <ClCompile Include="CheckerTextureWorld.cpp" />
  </ItemGroup>
  <ItemGroup>
    <ClInclude Include="AABB.h" />
    <ClInclude Include="BVHNode.h" />
    <ClInclude Include="Camera.h" />
    <ClInclude Include="Checker_Texture.h" />
    <ClInclude Include="CubicInterpolateNoiseTexture.h" />
    <ClInclude Include="DielectricMaterial.h" />
    <ClInclude Include="DiffuseLight.h" />
    <ClInclude Include="DRand48.h" />
    <ClInclude Include="Hitable.h" />
    <ClInclude Include="HitableList.h" />
    <ClInclude Include="ImageTexture.h" />
    <ClInclude Include="LambertianMaterial.h" />
    <ClInclude Include="LambertianWithTextureMaterial.h" />
    <ClInclude Include="Material.h" />
    <ClInclude Include="MetalMaterial.h" />
    <ClInclude Include="Moving_Sphere.h" />
    <ClInclude Include="NoiseTexture.h" />
    <ClInclude Include="PerlinNoise.h" />
    <ClInclude Include="PerlinNoiseTexture.h" />
    <ClInclude Include="PerlinNoiseWorld.h" />
    <ClInclude Include="ray.h" />
    <ClInclude Include="Screen.h" />
    <ClInclude Include="SimpleLightWorld.h" />
    <ClInclude Include="SolidColorTexture.h" />
    <ClInclude Include="Sphere.h" />
    <ClInclude Include="stb_image.h" />
    <ClInclude Include="Texture.h" />
    <ClInclude Include="Utility.h" />
    <ClInclude Include="Vec3.h" />
    <ClInclude Include="WorldBase.h" />
    <ClInclude Include="XY_Rect.h" />
    <ClInclude Include="TextureMappingWorld.h" />
    <ClInclude Include="CheckerTextureWorld.h" />
>>>>>>> master
  </ItemGroup>
</Project>