<?xml version="1.0" encoding="utf-8"?>
<Project ToolsVersion="4.0" xmlns="http://schemas.microsoft.com/developer/msbuild/2003">
  <ItemGroup>
    <ClCompile Include="AABB.cpp" />
    <ClCompile Include="BVHNode.cpp" />
    <ClCompile Include="Camera.cpp" />
    <ClCompile Include="CheckerTextureWorld.cpp" />
    <ClCompile Include="Checker_Texture.cpp" />
    <ClCompile Include="CubicInterpolateNoiseTexture.cpp" />
    <ClCompile Include="DielectricMaterial.cpp" />
    <ClCompile Include="DiffuseLight.cpp" />
    <ClCompile Include="DRand48.cpp" />
    <ClCompile Include="Hitable.cpp" />
    <ClCompile Include="HitableList.cpp" />
    <ClCompile Include="ImageTexture.cpp" />
    <ClCompile Include="LambertianMaterial.cpp" />
    <ClCompile Include="LambertianWithTextureMaterial.cpp" />
    <ClCompile Include="Material.cpp" />
    <ClCompile Include="MetalMaterial.cpp" />
    <ClCompile Include="Moving_Sphere.cpp" />
    <ClCompile Include="NoiseTexture.cpp" />
    <ClCompile Include="PerlinNoise.cpp" />
    <ClCompile Include="PerlinNoiseTexture.cpp" />
    <ClCompile Include="PerlinNoiseWorld.cpp" />
    <ClCompile Include="ray.cpp" />
    <ClCompile Include="ray_trace_main.cpp" />
    <ClCompile Include="Screen.cpp" />
    <ClCompile Include="SimpleLightWorld.cpp" />
    <ClCompile Include="SolidColorTexture.cpp" />
    <ClCompile Include="Sphere.cpp" />
    <ClCompile Include="Texture.cpp" />
    <ClCompile Include="TextureMappingWorld.cpp" />
    <ClCompile Include="Utility.cpp" />
    <ClCompile Include="Vec3.cpp" />
    <ClCompile Include="WorldBase.cpp" />
    <ClCompile Include="XY_Rect.cpp" />
    <ClCompile Include="YZ_Rect.cpp" />
    <ClCompile Include="XZ_Rect.cpp" />
    <ClCompile Include="CornellBoxWorld.cpp" />
  </ItemGroup>
  <ItemGroup>
    <ClInclude Include="AABB.h" />
    <ClInclude Include="BVHNode.h" />
    <ClInclude Include="Camera.h" />
    <ClInclude Include="CheckerTextureWorld.h" />
    <ClInclude Include="Checker_Texture.h" />
    <ClInclude Include="CubicInterpolateNoiseTexture.h" />
    <ClInclude Include="DielectricMaterial.h" />
    <ClInclude Include="DiffuseLight.h" />
    <ClInclude Include="DRand48.h" />
    <ClInclude Include="Hitable.h" />
    <ClInclude Include="HitableList.h" />
    <ClInclude Include="ImageTexture.h" />
    <ClInclude Include="LambertianMaterial.h" />
    <ClInclude Include="LambertianWithTextureMaterial.h" />
    <ClInclude Include="Material.h" />
    <ClInclude Include="MetalMaterial.h" />
    <ClInclude Include="Moving_Sphere.h" />
    <ClInclude Include="NoiseTexture.h" />
    <ClInclude Include="PerlinNoise.h" />
    <ClInclude Include="PerlinNoiseTexture.h" />
    <ClInclude Include="PerlinNoiseWorld.h" />
    <ClInclude Include="ray.h" />
    <ClInclude Include="Screen.h" />
    <ClInclude Include="SimpleLightWorld.h" />
    <ClInclude Include="SolidColorTexture.h" />
    <ClInclude Include="Sphere.h" />
    <ClInclude Include="stb_image.h" />
    <ClInclude Include="Texture.h" />
    <ClInclude Include="TextureMappingWorld.h" />
    <ClInclude Include="Utility.h" />
    <ClInclude Include="Vec3.h" />
    <ClInclude Include="WorldBase.h" />
    <ClInclude Include="XY_Rect.h" />
    <ClInclude Include="YZ_Rect.h" />
    <ClInclude Include="XZ_Rect.h" />
    <ClInclude Include="CornellBoxWorld.h" />
    <ClInclude Include="RectCollection.h" />
    <ClInclude Include="WorldCollection.h" />
  </ItemGroup>
</Project>