
Microsoft Visual Studio Solution File, Format Version 12.00
# Visual Studio Version 16
VisualStudioVersion = 16.0.28917.182
MinimumVisualStudioVersion = 10.0.40219.1
Project("{8BC9CEB8-8B4A-11D0-8D11-00A0C91BC942}") = "RaytracingOnWeekend", "RaytracingOnWeekend\RaytracingOnWeekend.vcxproj", "{FAE61819-7478-4D2D-AD91-05AF08C1D912}"
EndProject
Global
	GlobalSection(SolutionConfigurationPlatforms) = preSolution
		Debug|x64 = Debug|x64
		Debug|x86 = Debug|x86
		Release|x64 = Release|x64
		Release|x86 = Release|x86
	EndGlobalSection
	GlobalSection(ProjectConfigurationPlatforms) = postSolution
		{FAE61819-7478-4D2D-AD91-05AF08C1D912}.Debug|x64.ActiveCfg = Debug|x64
		{FAE61819-7478-4D2D-AD91-05AF08C1D912}.Debug|x64.Build.0 = Debug|x64
		{FAE61819-7478-4D2D-AD91-05AF08C1D912}.Debug|x86.ActiveCfg = Debug|Win32
		{FAE61819-7478-4D2D-AD91-05AF08C1D912}.Debug|x86.Build.0 = Debug|Win32
		{FAE61819-7478-4D2D-AD91-05AF08C1D912}.Release|x64.ActiveCfg = Release|x64
		{FAE61819-7478-4D2D-AD91-05AF08C1D912}.Release|x64.Build.0 = Release|x64
		{FAE61819-7478-4D2D-AD91-05AF08C1D912}.Release|x86.ActiveCfg = Release|Win32
		{FAE61819-7478-4D2D-AD91-05AF08C1D912}.Release|x86.Build.0 = Release|Win32
	EndGlobalSection
	GlobalSection(SolutionProperties) = preSolution
		HideSolutionNode = FALSE
	EndGlobalSection
	GlobalSection(ExtensibilityGlobals) = postSolution
		SolutionGuid = {120B2371-9ADB-4442-AF55-27E7678D2C48}
	EndGlobalSection
EndGlobal
